
Microsoft Visual Studio Solution File, Format Version 12.00
# Visual Studio 2013
VisualStudioVersion = 12.0.30723.0
MinimumVisualStudioVersion = 10.0.40219.1
Project("{FAE04EC0-301F-11D3-BF4B-00C04F79EFBC}") = "WebAPI", "WebAPI\WebAPI.csproj", "{F18DD25D-5E06-4C09-A16F-52C2F24BBACE}"
EndProject
Project("{FAE04EC0-301F-11D3-BF4B-00C04F79EFBC}") = "WebAPI.Business", "WebAPI.Business\WebAPI.Business.csproj", "{512E6F51-0CAF-48CF-B1A1-218311E3142E}"
EndProject
Global
	GlobalSection(SolutionConfigurationPlatforms) = preSolution
		Debug|Any CPU = Debug|Any CPU
		Release|Any CPU = Release|Any CPU
	EndGlobalSection
	GlobalSection(ProjectConfigurationPlatforms) = postSolution
		{F18DD25D-5E06-4C09-A16F-52C2F24BBACE}.Debug|Any CPU.ActiveCfg = Debug|Any CPU
		{F18DD25D-5E06-4C09-A16F-52C2F24BBACE}.Debug|Any CPU.Build.0 = Debug|Any CPU
		{F18DD25D-5E06-4C09-A16F-52C2F24BBACE}.Release|Any CPU.ActiveCfg = Release|Any CPU
		{F18DD25D-5E06-4C09-A16F-52C2F24BBACE}.Release|Any CPU.Build.0 = Release|Any CPU
		{512E6F51-0CAF-48CF-B1A1-218311E3142E}.Debug|Any CPU.ActiveCfg = Debug|Any CPU
		{512E6F51-0CAF-48CF-B1A1-218311E3142E}.Debug|Any CPU.Build.0 = Debug|Any CPU
		{512E6F51-0CAF-48CF-B1A1-218311E3142E}.Release|Any CPU.ActiveCfg = Release|Any CPU
		{512E6F51-0CAF-48CF-B1A1-218311E3142E}.Release|Any CPU.Build.0 = Release|Any CPU
	EndGlobalSection
	GlobalSection(SolutionProperties) = preSolution
		HideSolutionNode = FALSE
	EndGlobalSection
EndGlobal
